
Microsoft Visual Studio Solution File, Format Version 12.00
# Visual Studio Version 17
VisualStudioVersion = 17.0.31903.59
MinimumVisualStudioVersion = 10.0.40219.1
Project("{FAE04EC0-301F-11D3-BF4B-00C04F79EFBC}") = "FluentValidation.Sample", "FluentValidation.Sample.csproj", "{024A3393-32C5-40AF-89DD-5BD84FBFB03D}"
EndProject
Global
	GlobalSection(SolutionConfigurationPlatforms) = preSolution
		Debug|Any CPU = Debug|Any CPU
		Release|Any CPU = Release|Any CPU
	EndGlobalSection
	GlobalSection(ProjectConfigurationPlatforms) = postSolution
		{024A3393-32C5-40AF-89DD-5BD84FBFB03D}.Debug|Any CPU.ActiveCfg = Debug|Any CPU
		{024A3393-32C5-40AF-89DD-5BD84FBFB03D}.Debug|Any CPU.Build.0 = Debug|Any CPU
		{024A3393-32C5-40AF-89DD-5BD84FBFB03D}.Release|Any CPU.ActiveCfg = Release|Any CPU
		{024A3393-32C5-40AF-89DD-5BD84FBFB03D}.Release|Any CPU.Build.0 = Release|Any CPU
	EndGlobalSection
	GlobalSection(SolutionProperties) = preSolution
		HideSolutionNode = FALSE
	EndGlobalSection
	GlobalSection(ExtensibilityGlobals) = postSolution
		SolutionGuid = {FB0E009D-E927-484A-8F63-E14FCF2F1B12}
	EndGlobalSection
EndGlobal
